
Microsoft Visual Studio Solution File, Format Version 12.00
# Visual Studio Version 16
VisualStudioVersion = 16.0.31205.134
MinimumVisualStudioVersion = 10.0.40219.1
Project("{9092AA53-FB77-4645-B42D-1CCCA6BD08BD}") = "DnDCharsheet", "DnDCharsheet\DnDCharsheet.njsproj", "{1DE72F7B-CF2F-4D85-8362-406DBEC48E12}"
EndProject
Global
	GlobalSection(SolutionConfigurationPlatforms) = preSolution
		Debug|Any CPU = Debug|Any CPU
		Release|Any CPU = Release|Any CPU
	EndGlobalSection
	GlobalSection(ProjectConfigurationPlatforms) = postSolution
		{1DE72F7B-CF2F-4D85-8362-406DBEC48E12}.Debug|Any CPU.ActiveCfg = Debug|Any CPU
		{1DE72F7B-CF2F-4D85-8362-406DBEC48E12}.Debug|Any CPU.Build.0 = Debug|Any CPU
		{1DE72F7B-CF2F-4D85-8362-406DBEC48E12}.Release|Any CPU.ActiveCfg = Release|Any CPU
		{1DE72F7B-CF2F-4D85-8362-406DBEC48E12}.Release|Any CPU.Build.0 = Release|Any CPU
	EndGlobalSection
	GlobalSection(SolutionProperties) = preSolution
		HideSolutionNode = FALSE
	EndGlobalSection
	GlobalSection(ExtensibilityGlobals) = postSolution
		SolutionGuid = {6E373CB0-C2F8-4665-B730-2B6604CE730F}
	EndGlobalSection
EndGlobal
